Microsoft Visual Studio Solution File, Format Version 12.00
# Visual Studio Version 17
VisualStudioVersion = 17.5.2.0
MinimumVisualStudioVersion = 10.0.40219.1
Project("{2150E333-8FDC-42A3-9474-1A3956D46DE8}") = "src", "src", "{827E0CD3-B72D-47B6-A68D-7590B98EB39B}"
EndProject
Project("{2150E333-8FDC-42A3-9474-1A3956D46DE8}") = "test", "test", "{0C88DD14-F956-CE84-757C-A364CCF449FC}"
EndProject
Project("{FAE04EC0-301F-11D3-BF4B-00C04F79EFBC}") = "EsepWebhook", "src\EsepWebhook\EsepWebhook.csproj", "{582B3B96-A8A9-02C6-A075-A8B948839710}"
EndProject
Project("{FAE04EC0-301F-11D3-BF4B-00C04F79EFBC}") = "EsepWebhook.Tests", "test\EsepWebhook.Tests\EsepWebhook.Tests.csproj", "{07C092EC-EA97-CE70-8E7F-4DEFF0840309}"
EndProject
Global
	GlobalSection(SolutionConfigurationPlatforms) = preSolution
		Debug|Any CPU = Debug|Any CPU
		Release|Any CPU = Release|Any CPU
	EndGlobalSection
	GlobalSection(ProjectConfigurationPlatforms) = postSolution
		{582B3B96-A8A9-02C6-A075-A8B948839710}.Debug|Any CPU.ActiveCfg = Debug|Any CPU
		{582B3B96-A8A9-02C6-A075-A8B948839710}.Debug|Any CPU.Build.0 = Debug|Any CPU
		{582B3B96-A8A9-02C6-A075-A8B948839710}.Release|Any CPU.ActiveCfg = Release|Any CPU
		{582B3B96-A8A9-02C6-A075-A8B948839710}.Release|Any CPU.Build.0 = Release|Any CPU
		{07C092EC-EA97-CE70-8E7F-4DEFF0840309}.Debug|Any CPU.ActiveCfg = Debug|Any CPU
		{07C092EC-EA97-CE70-8E7F-4DEFF0840309}.Debug|Any CPU.Build.0 = Debug|Any CPU
		{07C092EC-EA97-CE70-8E7F-4DEFF0840309}.Release|Any CPU.ActiveCfg = Release|Any CPU
		{07C092EC-EA97-CE70-8E7F-4DEFF0840309}.Release|Any CPU.Build.0 = Release|Any CPU
	EndGlobalSection
	GlobalSection(SolutionProperties) = preSolution
		HideSolutionNode = FALSE
	EndGlobalSection
	GlobalSection(NestedProjects) = preSolution
		{582B3B96-A8A9-02C6-A075-A8B948839710} = {827E0CD3-B72D-47B6-A68D-7590B98EB39B}
		{07C092EC-EA97-CE70-8E7F-4DEFF0840309} = {0C88DD14-F956-CE84-757C-A364CCF449FC}
	EndGlobalSection
	GlobalSection(ExtensibilityGlobals) = postSolution
		SolutionGuid = {3C406544-3D1D-45D8-A036-84DA89E99052}
	EndGlobalSection
EndGlobal
